
Microsoft Visual Studio Solution File, Format Version 12.00
# Visual Studio Version 17
VisualStudioVersion = 17.14.36212.18
MinimumVisualStudioVersion = 10.0.40219.1
Project("{FAE04EC0-301F-11D3-BF4B-00C04F79EFBC}") = "IdentityService.Logic", "Services\IdentityService\Logic\IdentityService.Logic.csproj", "{6F7BD50A-0ED8-4936-8E7D-99E548127DDD}"
EndProject
Project("{FAE04EC0-301F-11D3-BF4B-00C04F79EFBC}") = "IdentityService.Dal", "Services\IdentityService\Dal\IdentityService.Dal.csproj", "{2C830621-C03A-48AF-A0C1-0F973D2DE6C9}"
EndProject
Project("{FAE04EC0-301F-11D3-BF4B-00C04F79EFBC}") = "CoreLib", "Services\CoreLib\CoreLib.csproj", "{DD9D19B1-61BD-4311-95E5-10CF4C484FCC}"
EndProject
Project("{FAE04EC0-301F-11D3-BF4B-00C04F79EFBC}") = "IdentityService.Api", "Services\IdentityService\Api\IdentityService.Api.csproj", "{2737DE7F-6853-B785-AA96-E238F6C06FF3}"
EndProject
Project("{2150E333-8FDC-42A3-9474-1A3956D46DE8}") = "IdentityService", "IdentityService", "{36D591C7-65C7-A0D1-1CBC-10CDE441BDC8}"
EndProject
Project("{2150E333-8FDC-42A3-9474-1A3956D46DE8}") = "OrderingService", "OrderingService", "{273E2F0B-DF17-4F3D-A5C7-2D15E0727722}"
EndProject
Project("{FAE04EC0-301F-11D3-BF4B-00C04F79EFBC}") = "API", "Services\OrderingService\API\API.csproj", "{F5F75071-C66E-43C8-84F7-0CF41F525E9B}"
EndProject
Project("{FAE04EC0-301F-11D3-BF4B-00C04F79EFBC}") = "Domain", "Services\OrderingService\Domain\Domain.csproj", "{8623B7AF-9AF4-4015-9844-B14DF0BA89F1}"
EndProject
Project("{FAE04EC0-301F-11D3-BF4B-00C04F79EFBC}") = "Infrastructure", "Services\OrderingService\Infrastructure\Infrastructure.csproj", "{27F7E3EE-E121-4F99-B441-74E49C143069}"
EndProject
Project("{FAE04EC0-301F-11D3-BF4B-00C04F79EFBC}") = "Application", "Services\OrderingService\Application\Application.csproj", "{CF947084-A17E-4546-BE4F-98C2072A9599}"
EndProject
Project("{FAE04EC0-301F-11D3-BF4B-00C04F79EFBC}") = "Semaphore", "Services\Semaphore\Semaphore.csproj", "{55258FBD-39A9-4ECF-ADB6-B2311936BF20}"
EndProject
Global
	GlobalSection(SolutionConfigurationPlatforms) = preSolution
		Debug|Any CPU = Debug|Any CPU
		Release|Any CPU = Release|Any CPU
	EndGlobalSection
	GlobalSection(ProjectConfigurationPlatforms) = postSolution
		{6F7BD50A-0ED8-4936-8E7D-99E548127DDD}.Debug|Any CPU.ActiveCfg = Debug|Any CPU
		{6F7BD50A-0ED8-4936-8E7D-99E548127DDD}.Debug|Any CPU.Build.0 = Debug|Any CPU
		{6F7BD50A-0ED8-4936-8E7D-99E548127DDD}.Release|Any CPU.ActiveCfg = Release|Any CPU
		{6F7BD50A-0ED8-4936-8E7D-99E548127DDD}.Release|Any CPU.Build.0 = Release|Any CPU
		{2C830621-C03A-48AF-A0C1-0F973D2DE6C9}.Debug|Any CPU.ActiveCfg = Debug|Any CPU
		{2C830621-C03A-48AF-A0C1-0F973D2DE6C9}.Debug|Any CPU.Build.0 = Debug|Any CPU
		{2C830621-C03A-48AF-A0C1-0F973D2DE6C9}.Release|Any CPU.ActiveCfg = Release|Any CPU
		{2C830621-C03A-48AF-A0C1-0F973D2DE6C9}.Release|Any CPU.Build.0 = Release|Any CPU
		{DD9D19B1-61BD-4311-95E5-10CF4C484FCC}.Debug|Any CPU.ActiveCfg = Debug|Any CPU
		{DD9D19B1-61BD-4311-95E5-10CF4C484FCC}.Debug|Any CPU.Build.0 = Debug|Any CPU
		{DD9D19B1-61BD-4311-95E5-10CF4C484FCC}.Release|Any CPU.ActiveCfg = Release|Any CPU
		{DD9D19B1-61BD-4311-95E5-10CF4C484FCC}.Release|Any CPU.Build.0 = Release|Any CPU
		{2737DE7F-6853-B785-AA96-E238F6C06FF3}.Debug|Any CPU.ActiveCfg = Debug|Any CPU
		{2737DE7F-6853-B785-AA96-E238F6C06FF3}.Debug|Any CPU.Build.0 = Debug|Any CPU
		{2737DE7F-6853-B785-AA96-E238F6C06FF3}.Release|Any CPU.ActiveCfg = Release|Any CPU
		{2737DE7F-6853-B785-AA96-E238F6C06FF3}.Release|Any CPU.Build.0 = Release|Any CPU
		{F5F75071-C66E-43C8-84F7-0CF41F525E9B}.Debug|Any CPU.ActiveCfg = Debug|Any CPU
		{F5F75071-C66E-43C8-84F7-0CF41F525E9B}.Debug|Any CPU.Build.0 = Debug|Any CPU
		{F5F75071-C66E-43C8-84F7-0CF41F525E9B}.Release|Any CPU.ActiveCfg = Release|Any CPU
		{F5F75071-C66E-43C8-84F7-0CF41F525E9B}.Release|Any CPU.Build.0 = Release|Any CPU
		{8623B7AF-9AF4-4015-9844-B14DF0BA89F1}.Debug|Any CPU.ActiveCfg = Debug|Any CPU
		{8623B7AF-9AF4-4015-9844-B14DF0BA89F1}.Debug|Any CPU.Build.0 = Debug|Any CPU
		{8623B7AF-9AF4-4015-9844-B14DF0BA89F1}.Release|Any CPU.ActiveCfg = Release|Any CPU
		{8623B7AF-9AF4-4015-9844-B14DF0BA89F1}.Release|Any CPU.Build.0 = Release|Any CPU
		{27F7E3EE-E121-4F99-B441-74E49C143069}.Debug|Any CPU.ActiveCfg = Debug|Any CPU
		{27F7E3EE-E121-4F99-B441-74E49C143069}.Debug|Any CPU.Build.0 = Debug|Any CPU
		{27F7E3EE-E121-4F99-B441-74E49C143069}.Release|Any CPU.ActiveCfg = Release|Any CPU
		{27F7E3EE-E121-4F99-B441-74E49C143069}.Release|Any CPU.Build.0 = Release|Any CPU
		{CF947084-A17E-4546-BE4F-98C2072A9599}.Debug|Any CPU.ActiveCfg = Debug|Any CPU
		{CF947084-A17E-4546-BE4F-98C2072A9599}.Debug|Any CPU.Build.0 = Debug|Any CPU
		{CF947084-A17E-4546-BE4F-98C2072A9599}.Release|Any CPU.ActiveCfg = Release|Any CPU
		{CF947084-A17E-4546-BE4F-98C2072A9599}.Release|Any CPU.Build.0 = Release|Any CPU
		{55258FBD-39A9-4ECF-ADB6-B2311936BF20}.Debug|Any CPU.ActiveCfg = Debug|Any CPU
		{55258FBD-39A9-4ECF-ADB6-B2311936BF20}.Debug|Any CPU.Build.0 = Debug|Any CPU
		{55258FBD-39A9-4ECF-ADB6-B2311936BF20}.Release|Any CPU.ActiveCfg = Release|Any CPU
		{55258FBD-39A9-4ECF-ADB6-B2311936BF20}.Release|Any CPU.Build.0 = Release|Any CPU
	EndGlobalSection
	GlobalSection(SolutionProperties) = preSolution
		HideSolutionNode = FALSE
	EndGlobalSection
	GlobalSection(NestedProjects) = preSolution
		{6F7BD50A-0ED8-4936-8E7D-99E548127DDD} = {36D591C7-65C7-A0D1-1CBC-10CDE441BDC8}
		{2C830621-C03A-48AF-A0C1-0F973D2DE6C9} = {36D591C7-65C7-A0D1-1CBC-10CDE441BDC8}
		{2737DE7F-6853-B785-AA96-E238F6C06FF3} = {36D591C7-65C7-A0D1-1CBC-10CDE441BDC8}
		{F5F75071-C66E-43C8-84F7-0CF41F525E9B} = {273E2F0B-DF17-4F3D-A5C7-2D15E0727722}
		{8623B7AF-9AF4-4015-9844-B14DF0BA89F1} = {273E2F0B-DF17-4F3D-A5C7-2D15E0727722}
		{27F7E3EE-E121-4F99-B441-74E49C143069} = {273E2F0B-DF17-4F3D-A5C7-2D15E0727722}
		{CF947084-A17E-4546-BE4F-98C2072A9599} = {273E2F0B-DF17-4F3D-A5C7-2D15E0727722}
	EndGlobalSection
	GlobalSection(ExtensibilityGlobals) = postSolution
		SolutionGuid = {8E022FA4-DE8C-4952-9F8A-A473BF80DB76}
	EndGlobalSection
EndGlobal
